
Microsoft Visual Studio Solution File, Format Version 12.00
# Visual Studio Version 17
VisualStudioVersion = 17.0.31903.59
MinimumVisualStudioVersion = 10.0.40219.1
Project("{2150E333-8FDC-42A3-9474-1A3956D46DE8}") = "src", "src", "{827E0CD3-B72D-47B6-A68D-7590B98EB39B}"
EndProject
Project("{FAE04EC0-301F-11D3-BF4B-00C04F79EFBC}") = "Negosio.Domain", "src\Negosio.Domain\Negosio.Domain.csproj", "{AA7448DB-855F-40AE-A845-724475FF5C7A}"
EndProject
Project("{FAE04EC0-301F-11D3-BF4B-00C04F79EFBC}") = "Negosio.Application", "src\Negosio.Application\Negosio.Application.csproj", "{C3B21BC8-6DF6-4DA1-9BA6-58892C15B786}"
EndProject
Project("{FAE04EC0-301F-11D3-BF4B-00C04F79EFBC}") = "Negosio.Infrastructure", "src\Negosio.Infrastructure\Negosio.Infrastructure.csproj", "{E88C6691-26DD-4003-9A22-7739266D99B5}"
EndProject
Project("{FAE04EC0-301F-11D3-BF4B-00C04F79EFBC}") = "Negosio.Api", "src\Negosio.Api\Negosio.Api.csproj", "{58F79160-5838-4895-9482-36EB20B060C5}"
EndProject
Project("{FAE04EC0-301F-11D3-BF4B-00C04F79EFBC}") = "Negosio.UnitTests", "tests\Negosio.UnitTests\Negosio.UnitTests.csproj", "{3C384594-57BB-4E3B-BF93-CB1D81AF84CA}"
EndProject
Project("{FAE04EC0-301F-11D3-BF4B-00C04F79EFBC}") = "Negosio.IntegrationTests", "tests\Negosio.IntegrationTests\Negosio.IntegrationTests.csproj", "{45AD86EA-06A7-4486-9C60-E73645BF762E}"
EndProject
Global
	GlobalSection(SolutionConfigurationPlatforms) = preSolution
		Debug|Any CPU = Debug|Any CPU
		Debug|x64 = Debug|x64
		Debug|x86 = Debug|x86
		Release|Any CPU = Release|Any CPU
		Release|x64 = Release|x64
		Release|x86 = Release|x86
	EndGlobalSection
	GlobalSection(ProjectConfigurationPlatforms) = postSolution
		{AA7448DB-855F-40AE-A845-724475FF5C7A}.Debug|Any CPU.ActiveCfg = Debug|Any CPU
		{AA7448DB-855F-40AE-A845-724475FF5C7A}.Debug|Any CPU.Build.0 = Debug|Any CPU
		{AA7448DB-855F-40AE-A845-724475FF5C7A}.Debug|x64.ActiveCfg = Debug|Any CPU
		{AA7448DB-855F-40AE-A845-724475FF5C7A}.Debug|x64.Build.0 = Debug|Any CPU
		{AA7448DB-855F-40AE-A845-724475FF5C7A}.Debug|x86.ActiveCfg = Debug|Any CPU
		{AA7448DB-855F-40AE-A845-724475FF5C7A}.Debug|x86.Build.0 = Debug|Any CPU
		{AA7448DB-855F-40AE-A845-724475FF5C7A}.Release|Any CPU.ActiveCfg = Release|Any CPU
		{AA7448DB-855F-40AE-A845-724475FF5C7A}.Release|Any CPU.Build.0 = Release|Any CPU
		{AA7448DB-855F-40AE-A845-724475FF5C7A}.Release|x64.ActiveCfg = Release|Any CPU
		{AA7448DB-855F-40AE-A845-724475FF5C7A}.Release|x64.Build.0 = Release|Any CPU
		{AA7448DB-855F-40AE-A845-724475FF5C7A}.Release|x86.ActiveCfg = Release|Any CPU
		{AA7448DB-855F-40AE-A845-724475FF5C7A}.Release|x86.Build.0 = Release|Any CPU
		{C3B21BC8-6DF6-4DA1-9BA6-58892C15B786}.Debug|Any CPU.ActiveCfg = Debug|Any CPU
		{C3B21BC8-6DF6-4DA1-9BA6-58892C15B786}.Debug|Any CPU.Build.0 = Debug|Any CPU
		{C3B21BC8-6DF6-4DA1-9BA6-58892C15B786}.Debug|x64.ActiveCfg = Debug|Any CPU
		{C3B21BC8-6DF6-4DA1-9BA6-58892C15B786}.Debug|x64.Build.0 = Debug|Any CPU
		{C3B21BC8-6DF6-4DA1-9BA6-58892C15B786}.Debug|x86.ActiveCfg = Debug|Any CPU
		{C3B21BC8-6DF6-4DA1-9BA6-58892C15B786}.Debug|x86.Build.0 = Debug|Any CPU
		{C3B21BC8-6DF6-4DA1-9BA6-58892C15B786}.Release|Any CPU.ActiveCfg = Release|Any CPU
		{C3B21BC8-6DF6-4DA1-9BA6-58892C15B786}.Release|Any CPU.Build.0 = Release|Any CPU
		{C3B21BC8-6DF6-4DA1-9BA6-58892C15B786}.Release|x64.ActiveCfg = Release|Any CPU
		{C3B21BC8-6DF6-4DA1-9BA6-58892C15B786}.Release|x64.Build.0 = Release|Any CPU
		{C3B21BC8-6DF6-4DA1-9BA6-58892C15B786}.Release|x86.ActiveCfg = Release|Any CPU
		{C3B21BC8-6DF6-4DA1-9BA6-58892C15B786}.Release|x86.Build.0 = Release|Any CPU
		{E88C6691-26DD-4003-9A22-7739266D99B5}.Debug|Any CPU.ActiveCfg = Debug|Any CPU
		{E88C6691-26DD-4003-9A22-7739266D99B5}.Debug|Any CPU.Build.0 = Debug|Any CPU
		{E88C6691-26DD-4003-9A22-7739266D99B5}.Debug|x64.ActiveCfg = Debug|Any CPU
		{E88C6691-26DD-4003-9A22-7739266D99B5}.Debug|x64.Build.0 = Debug|Any CPU
		{E88C6691-26DD-4003-9A22-7739266D99B5}.Debug|x86.ActiveCfg = Debug|Any CPU
		{E88C6691-26DD-4003-9A22-7739266D99B5}.Debug|x86.Build.0 = Debug|Any CPU
		{E88C6691-26DD-4003-9A22-7739266D99B5}.Release|Any CPU.ActiveCfg = Release|Any CPU
		{E88C6691-26DD-4003-9A22-7739266D99B5}.Release|Any CPU.Build.0 = Release|Any CPU
		{E88C6691-26DD-4003-9A22-7739266D99B5}.Release|x64.ActiveCfg = Release|Any CPU
		{E88C6691-26DD-4003-9A22-7739266D99B5}.Release|x64.Build.0 = Release|Any CPU
		{E88C6691-26DD-4003-9A22-7739266D99B5}.Release|x86.ActiveCfg = Release|Any CPU
		{E88C6691-26DD-4003-9A22-7739266D99B5}.Release|x86.Build.0 = Release|Any CPU
		{58F79160-5838-4895-9482-36EB20B060C5}.Debug|Any CPU.ActiveCfg = Debug|Any CPU
		{58F79160-5838-4895-9482-36EB20B060C5}.Debug|Any CPU.Build.0 = Debug|Any CPU
		{58F79160-5838-4895-9482-36EB20B060C5}.Debug|x64.ActiveCfg = Debug|Any CPU
		{58F79160-5838-4895-9482-36EB20B060C5}.Debug|x64.Build.0 = Debug|Any CPU
		{58F79160-5838-4895-9482-36EB20B060C5}.Debug|x86.ActiveCfg = Debug|Any CPU
		{58F79160-5838-4895-9482-36EB20B060C5}.Debug|x86.Build.0 = Debug|Any CPU
		{58F79160-5838-4895-9482-36EB20B060C5}.Release|Any CPU.ActiveCfg = Release|Any CPU
		{58F79160-5838-4895-9482-36EB20B060C5}.Release|Any CPU.Build.0 = Release|Any CPU
		{58F79160-5838-4895-9482-36EB20B060C5}.Release|x64.ActiveCfg = Release|Any CPU
		{58F79160-5838-4895-9482-36EB20B060C5}.Release|x64.Build.0 = Release|Any CPU
		{58F79160-5838-4895-9482-36EB20B060C5}.Release|x86.ActiveCfg = Release|Any CPU
		{58F79160-5838-4895-9482-36EB20B060C5}.Release|x86.Build.0 = Release|Any CPU
		{3C384594-57BB-4E3B-BF93-CB1D81AF84CA}.Debug|Any CPU.ActiveCfg = Debug|Any CPU
		{3C384594-57BB-4E3B-BF93-CB1D81AF84CA}.Debug|Any CPU.Build.0 = Debug|Any CPU
		{3C384594-57BB-4E3B-BF93-CB1D81AF84CA}.Debug|x64.ActiveCfg = Debug|Any CPU
		{3C384594-57BB-4E3B-BF93-CB1D81AF84CA}.Debug|x64.Build.0 = Debug|Any CPU
		{3C384594-57BB-4E3B-BF93-CB1D81AF84CA}.Debug|x86.ActiveCfg = Debug|Any CPU
		{3C384594-57BB-4E3B-BF93-CB1D81AF84CA}.Debug|x86.Build.0 = Debug|Any CPU
		{3C384594-57BB-4E3B-BF93-CB1D81AF84CA}.Release|Any CPU.ActiveCfg = Release|Any CPU
		{3C384594-57BB-4E3B-BF93-CB1D81AF84CA}.Release|Any CPU.Build.0 = Release|Any CPU
		{3C384594-57BB-4E3B-BF93-CB1D81AF84CA}.Release|x64.ActiveCfg = Release|Any CPU
		{3C384594-57BB-4E3B-BF93-CB1D81AF84CA}.Release|x64.Build.0 = Release|Any CPU
		{3C384594-57BB-4E3B-BF93-CB1D81AF84CA}.Release|x86.ActiveCfg = Release|Any CPU
		{3C384594-57BB-4E3B-BF93-CB1D81AF84CA}.Release|x86.Build.0 = Release|Any CPU
		{45AD86EA-06A7-4486-9C60-E73645BF762E}.Debug|Any CPU.ActiveCfg = Debug|Any CPU
		{45AD86EA-06A7-4486-9C60-E73645BF762E}.Debug|Any CPU.Build.0 = Debug|Any CPU
		{45AD86EA-06A7-4486-9C60-E73645BF762E}.Debug|x64.ActiveCfg = Debug|Any CPU
		{45AD86EA-06A7-4486-9C60-E73645BF762E}.Debug|x64.Build.0 = Debug|Any CPU
		{45AD86EA-06A7-4486-9C60-E73645BF762E}.Debug|x86.ActiveCfg = Debug|Any CPU
		{45AD86EA-06A7-4486-9C60-E73645BF762E}.Debug|x86.Build.0 = Debug|Any CPU
		{45AD86EA-06A7-4486-9C60-E73645BF762E}.Release|Any CPU.ActiveCfg = Release|Any CPU
		{45AD86EA-06A7-4486-9C60-E73645BF762E}.Release|Any CPU.Build.0 = Release|Any CPU
		{45AD86EA-06A7-4486-9C60-E73645BF762E}.Release|x64.ActiveCfg = Release|Any CPU
		{45AD86EA-06A7-4486-9C60-E73645BF762E}.Release|x64.Build.0 = Release|Any CPU
		{45AD86EA-06A7-4486-9C60-E73645BF762E}.Release|x86.ActiveCfg = Release|Any CPU
		{45AD86EA-06A7-4486-9C60-E73645BF762E}.Release|x86.Build.0 = Release|Any CPU
	EndGlobalSection
	GlobalSection(SolutionProperties) = preSolution
		HideSolutionNode = FALSE
	EndGlobalSection
	GlobalSection(NestedProjects) = preSolution
		{AA7448DB-855F-40AE-A845-724475FF5C7A} = {827E0CD3-B72D-47B6-A68D-7590B98EB39B}
		{C3B21BC8-6DF6-4DA1-9BA6-58892C15B786} = {827E0CD3-B72D-47B6-A68D-7590B98EB39B}
		{E88C6691-26DD-4003-9A22-7739266D99B5} = {827E0CD3-B72D-47B6-A68D-7590B98EB39B}
		{58F79160-5838-4895-9482-36EB20B060C5} = {827E0CD3-B72D-47B6-A68D-7590B98EB39B}
		{3C384594-57BB-4E3B-BF93-CB1D81AF84CA} = {827E0CD3-B72D-47B6-A68D-7590B98EB39B}
		{45AD86EA-06A7-4486-9C60-E73645BF762E} = {827E0CD3-B72D-47B6-A68D-7590B98EB39B}
	EndGlobalSection
EndGlobal
